
Microsoft Visual Studio Solution File, Format Version 12.00
# Visual Studio Version 17
VisualStudioVersion = 17.8.34316.72
MinimumVisualStudioVersion = 10.0.40219.1
Project("{FAE04EC0-301F-11D3-BF4B-00C04F79EFBC}") = "task1", "task1\task1.csproj", "{F1C680B7-A94B-40CB-8CFA-321311DF62A2}"
EndProject
Project("{FAE04EC0-301F-11D3-BF4B-00C04F79EFBC}") = "Task2", "Task2\Task2.csproj", "{EBC6FF86-F90C-45F7-943B-AF7870B29DAE}"
EndProject
Project("{FAE04EC0-301F-11D3-BF4B-00C04F79EFBC}") = "Task3", "Task3\Task3.csproj", "{FC371FFD-35DC-41CD-9B8B-BB622949859C}"
EndProject
Global
	GlobalSection(SolutionConfigurationPlatforms) = preSolution
		Debug|Any CPU = Debug|Any CPU
		Release|Any CPU = Release|Any CPU
	EndGlobalSection
	GlobalSection(ProjectConfigurationPlatforms) = postSolution
		{F1C680B7-A94B-40CB-8CFA-321311DF62A2}.Debug|Any CPU.ActiveCfg = Debug|Any CPU
		{F1C680B7-A94B-40CB-8CFA-321311DF62A2}.Debug|Any CPU.Build.0 = Debug|Any CPU
		{F1C680B7-A94B-40CB-8CFA-321311DF62A2}.Release|Any CPU.ActiveCfg = Release|Any CPU
		{F1C680B7-A94B-40CB-8CFA-321311DF62A2}.Release|Any CPU.Build.0 = Release|Any CPU
		{EBC6FF86-F90C-45F7-943B-AF7870B29DAE}.Debug|Any CPU.ActiveCfg = Debug|Any CPU
		{EBC6FF86-F90C-45F7-943B-AF7870B29DAE}.Debug|Any CPU.Build.0 = Debug|Any CPU
		{EBC6FF86-F90C-45F7-943B-AF7870B29DAE}.Release|Any CPU.ActiveCfg = Release|Any CPU
		{EBC6FF86-F90C-45F7-943B-AF7870B29DAE}.Release|Any CPU.Build.0 = Release|Any CPU
		{FC371FFD-35DC-41CD-9B8B-BB622949859C}.Debug|Any CPU.ActiveCfg = Debug|Any CPU
		{FC371FFD-35DC-41CD-9B8B-BB622949859C}.Debug|Any CPU.Build.0 = Debug|Any CPU
		{FC371FFD-35DC-41CD-9B8B-BB622949859C}.Release|Any CPU.ActiveCfg = Release|Any CPU
		{FC371FFD-35DC-41CD-9B8B-BB622949859C}.Release|Any CPU.Build.0 = Release|Any CPU
	EndGlobalSection
	GlobalSection(SolutionProperties) = preSolution
		HideSolutionNode = FALSE
	EndGlobalSection
	GlobalSection(ExtensibilityGlobals) = postSolution
		SolutionGuid = {E10DB0AD-26A8-4DCD-9591-839B2930E7E2}
	EndGlobalSection
EndGlobal
